
Microsoft Visual Studio Solution File, Format Version 12.00
# Visual Studio 2012
Project("{FAE04EC0-301F-11D3-BF4B-00C04F79EFBC}") = "SampleAddition.Test", "SampleAddition\SampleAddition.Test.csproj", "{C952B7F5-B442-45DB-A9AA-F62B3DCF32B4}"
EndProject
Project("{2150E333-8FDC-42A3-9474-1A3956D46DE8}") = ".nuget", ".nuget", "{07747CBD-0C40-4500-9E53-C9F52CB5C982}"
	ProjectSection(SolutionItems) = preProject
		.nuget\packages.config = .nuget\packages.config
	EndProjectSection
EndProject
Global
	GlobalSection(SolutionConfigurationPlatforms) = preSolution
		Debug|Any CPU = Debug|Any CPU
		Debug|x86 = Debug|x86
		Release|Any CPU = Release|Any CPU
		Release|x86 = Release|x86
	EndGlobalSection
	GlobalSection(ProjectConfigurationPlatforms) = postSolution
		{C952B7F5-B442-45DB-A9AA-F62B3DCF32B4}.Debug|Any CPU.ActiveCfg = Debug|Any CPU
		{C952B7F5-B442-45DB-A9AA-F62B3DCF32B4}.Debug|Any CPU.Build.0 = Debug|Any CPU
		{C952B7F5-B442-45DB-A9AA-F62B3DCF32B4}.Debug|x86.ActiveCfg = Debug|Any CPU
		{C952B7F5-B442-45DB-A9AA-F62B3DCF32B4}.Debug|x86.Build.0 = Debug|Any CPU
		{C952B7F5-B442-45DB-A9AA-F62B3DCF32B4}.Debug|x86.Deploy.0 = Debug|Any CPU
		{C952B7F5-B442-45DB-A9AA-F62B3DCF32B4}.Release|Any CPU.ActiveCfg = Release|Any CPU
		{C952B7F5-B442-45DB-A9AA-F62B3DCF32B4}.Release|Any CPU.Build.0 = Release|Any CPU
		{C952B7F5-B442-45DB-A9AA-F62B3DCF32B4}.Release|x86.ActiveCfg = Release|x86
		{C952B7F5-B442-45DB-A9AA-F62B3DCF32B4}.Release|x86.Build.0 = Release|x86
	EndGlobalSection
	GlobalSection(SolutionProperties) = preSolution
		HideSolutionNode = FALSE
	EndGlobalSection
EndGlobal
